// !$*UTF8*$!
{
	archiveVersion = 1;
	classes = {
	};
	objectVersion = 50;
	objects = {

/* Begin PBXBuildFile section */
		6B37434D2199AAE2001493A1 /* Linna.framework in Frameworks */ = {isa = PBXBuildFile; fileRef = 6B3743432199AAE1001493A1 /* Linna.framework */; };
		6B3743522199AAE2001493A1 /* LinnaTests.swift in Sources */ = {isa = PBXBuildFile; fileRef = 6B3743512199AAE2001493A1 /* LinnaTests.swift */; };
		6B3743542199AAE2001493A1 /* Linna.h in Headers */ = {isa = PBXBuildFile; fileRef = 6B3743462199AAE1001493A1 /* Linna.h */; settings = {ATTRIBUTES = (Public, ); }; };
		6B37436E2199AE65001493A1 /* Linna.swift in Sources */ = {isa = PBXBuildFile; fileRef = 6B37436D2199AE65001493A1 /* Linna.swift */; };
		6B3743702199AF2E001493A1 /* Linna+LogLevel.swift in Sources */ = {isa = PBXBuildFile; fileRef = 6B37436F2199AF2E001493A1 /* Linna+LogLevel.swift */; };
		6B3743722199B179001493A1 /* Linna+LogLevelTests.swift in Sources */ = {isa = PBXBuildFile; fileRef = 6B3743712199B179001493A1 /* Linna+LogLevelTests.swift */; };
		6B3743742199B2FA001493A1 /* Linna+Outputs.swift in Sources */ = {isa = PBXBuildFile; fileRef = 6B3743732199B2FA001493A1 /* Linna+Outputs.swift */; };
		6B3743762199B36C001493A1 /* LogBuilder.swift in Sources */ = {isa = PBXBuildFile; fileRef = 6B3743752199B36C001493A1 /* LogBuilder.swift */; };
		6B374378219B2767001493A1 /* LogBuilderTests.swift in Sources */ = {isa = PBXBuildFile; fileRef = 6B374377219B2767001493A1 /* LogBuilderTests.swift */; };
		6B37437B219C0D1F001493A1 /* Caller.swift in Sources */ = {isa = PBXBuildFile; fileRef = 6B37437A219C0D1F001493A1 /* Caller.swift */; };
		6B37437F219C194F001493A1 /* LogFormatter.swift in Sources */ = {isa = PBXBuildFile; fileRef = 6B37437E219C194F001493A1 /* LogFormatter.swift */; };
		6B374381219C19A4001493A1 /* LogContents.swift in Sources */ = {isa = PBXBuildFile; fileRef = 6B374380219C19A4001493A1 /* LogContents.swift */; };
		6B374383219C1E63001493A1 /* DefaultLogFormatter.swift in Sources */ = {isa = PBXBuildFile; fileRef = 6B374382219C1E63001493A1 /* DefaultLogFormatter.swift */; };
		6B374386219C25B3001493A1 /* LogFormatterTests.swift in Sources */ = {isa = PBXBuildFile; fileRef = 6B374385219C25B3001493A1 /* LogFormatterTests.swift */; };
		6B374388219C2DFF001493A1 /* Linna+OutputsTests.swift in Sources */ = {isa = PBXBuildFile; fileRef = 6B374387219C2DFF001493A1 /* Linna+OutputsTests.swift */; };
		6B6CB23321BC03CB00F86A0E /* ConsoleStream.swift in Sources */ = {isa = PBXBuildFile; fileRef = 6B6CB23121BC03CB00F86A0E /* ConsoleStream.swift */; };
		6B6CB23421BC03CB00F86A0E /* LinnaStream.swift in Sources */ = {isa = PBXBuildFile; fileRef = 6B6CB23221BC03CB00F86A0E /* LinnaStream.swift */; };
		6B6CB23921BC04F000F86A0E /* ConsoleStreamTests.swift in Sources */ = {isa = PBXBuildFile; fileRef = 6B6CB23821BC04F000F86A0E /* ConsoleStreamTests.swift */; };
		6B6CB23D21BC085600F86A0E /* LocalFileStream.swift in Sources */ = {isa = PBXBuildFile; fileRef = 6B6CB23C21BC085600F86A0E /* LocalFileStream.swift */; };
		6B6CB23F21BD365500F86A0E /* Linna+InternalPrint.swift in Sources */ = {isa = PBXBuildFile; fileRef = 6B6CB23E21BD365500F86A0E /* Linna+InternalPrint.swift */; };
		6B8099E2219D8D8C005D44BC /* CustomizableLogFormatter.swift in Sources */ = {isa = PBXBuildFile; fileRef = 6B8099E1219D8D8B005D44BC /* CustomizableLogFormatter.swift */; };
		6B8099E4219D9051005D44BC /* CustomizableLogFormatterTests.swift in Sources */ = {isa = PBXBuildFile; fileRef = 6B8099E3219D9051005D44BC /* CustomizableLogFormatterTests.swift */; };
		6B865D1A21B1807C00C43AAF /* FormatPatternValidator.swift in Sources */ = {isa = PBXBuildFile; fileRef = 6B865D1921B1807C00C43AAF /* FormatPatternValidator.swift */; };
		6B865D2021B1837B00C43AAF /* ResultTests.swift in Sources */ = {isa = PBXBuildFile; fileRef = 6B865D1F21B1837B00C43AAF /* ResultTests.swift */; };
		6B865D2221B18FB100C43AAF /* FormatPatternValidatorTests.swift in Sources */ = {isa = PBXBuildFile; fileRef = 6B865D2121B18FB100C43AAF /* FormatPatternValidatorTests.swift */; };
		6B865D2521B1B1B000C43AAF /* DefaultDateFormatter.swift in Sources */ = {isa = PBXBuildFile; fileRef = 6B865D2421B1B1B000C43AAF /* DefaultDateFormatter.swift */; };
		6B865D2721B1B20A00C43AAF /* LinnaDateFormatter.swift in Sources */ = {isa = PBXBuildFile; fileRef = 6B865D2621B1B20A00C43AAF /* LinnaDateFormatter.swift */; };
/* End PBXBuildFile section */

/* Begin PBXContainerItemProxy section */
		6B37434E2199AAE2001493A1 /* PBXContainerItemProxy */ = {
			isa = PBXContainerItemProxy;
			containerPortal = 6B37433A2199AAE1001493A1 /* Project object */;
			proxyType = 1;
			remoteGlobalIDString = 6B3743422199AAE1001493A1;
			remoteInfo = Linna;
		};
/* End PBXContainerItemProxy section */

/* Begin PBXFileReference section */
		6B3743432199AAE1001493A1 /* Linna.framework */ = {isa = PBXFileReference; explicitFileType = wrapper.framework; includeInIndex = 0; path = Linna.framework; sourceTree = BUILT_PRODUCTS_DIR; };
		6B3743462199AAE1001493A1 /* Linna.h */ = {isa = PBXFileReference; lastKnownFileType = sourcecode.c.h; path = Linna.h; sourceTree = "<group>"; };
		6B3743472199AAE1001493A1 /* Info.plist */ = {isa = PBXFileReference; lastKnownFileType = text.plist.xml; path = Info.plist; sourceTree = "<group>"; };
		6B37434C2199AAE2001493A1 /* LinnaTests.xctest */ = {isa = PBXFileReference; explicitFileType = wrapper.cfbundle; includeInIndex = 0; path = LinnaTests.xctest; sourceTree = BUILT_PRODUCTS_DIR; };
		6B3743512199AAE2001493A1 /* LinnaTests.swift */ = {isa = PBXFileReference; lastKnownFileType = sourcecode.swift; path = LinnaTests.swift; sourceTree = "<group>"; };
		6B3743532199AAE2001493A1 /* Info.plist */ = {isa = PBXFileReference; lastKnownFileType = text.plist.xml; path = Info.plist; sourceTree = "<group>"; };
		6B37436D2199AE65001493A1 /* Linna.swift */ = {isa = PBXFileReference; lastKnownFileType = sourcecode.swift; path = Linna.swift; sourceTree = "<group>"; };
		6B37436F2199AF2E001493A1 /* Linna+LogLevel.swift */ = {isa = PBXFileReference; lastKnownFileType = sourcecode.swift; path = "Linna+LogLevel.swift"; sourceTree = "<group>"; };
		6B3743712199B179001493A1 /* Linna+LogLevelTests.swift */ = {isa = PBXFileReference; lastKnownFileType = sourcecode.swift; path = "Linna+LogLevelTests.swift"; sourceTree = "<group>"; };
		6B3743732199B2FA001493A1 /* Linna+Outputs.swift */ = {isa = PBXFileReference; lastKnownFileType = sourcecode.swift; path = "Linna+Outputs.swift"; sourceTree = "<group>"; };
		6B3743752199B36C001493A1 /* LogBuilder.swift */ = {isa = PBXFileReference; lastKnownFileType = sourcecode.swift; path = LogBuilder.swift; sourceTree = "<group>"; };
		6B374377219B2767001493A1 /* LogBuilderTests.swift */ = {isa = PBXFileReference; lastKnownFileType = sourcecode.swift; path = LogBuilderTests.swift; sourceTree = "<group>"; };
		6B37437A219C0D1F001493A1 /* Caller.swift */ = {isa = PBXFileReference; lastKnownFileType = sourcecode.swift; path = Caller.swift; sourceTree = "<group>"; };
		6B37437E219C194F001493A1 /* LogFormatter.swift */ = {isa = PBXFileReference; lastKnownFileType = sourcecode.swift; path = LogFormatter.swift; sourceTree = "<group>"; };
		6B374380219C19A4001493A1 /* LogContents.swift */ = {isa = PBXFileReference; lastKnownFileType = sourcecode.swift; path = LogContents.swift; sourceTree = "<group>"; };
		6B374382219C1E63001493A1 /* DefaultLogFormatter.swift */ = {isa = PBXFileReference; lastKnownFileType = sourcecode.swift; path = DefaultLogFormatter.swift; sourceTree = "<group>"; };
		6B374385219C25B3001493A1 /* LogFormatterTests.swift */ = {isa = PBXFileReference; lastKnownFileType = sourcecode.swift; path = LogFormatterTests.swift; sourceTree = "<group>"; };
		6B374387219C2DFF001493A1 /* Linna+OutputsTests.swift */ = {isa = PBXFileReference; lastKnownFileType = sourcecode.swift; path = "Linna+OutputsTests.swift"; sourceTree = "<group>"; };
		6B6CB23121BC03CB00F86A0E /* ConsoleStream.swift */ = {isa = PBXFileReference; fileEncoding = 4; lastKnownFileType = sourcecode.swift; path = ConsoleStream.swift; sourceTree = "<group>"; };
		6B6CB23221BC03CB00F86A0E /* LinnaStream.swift */ = {isa = PBXFileReference; fileEncoding = 4; lastKnownFileType = sourcecode.swift; path = LinnaStream.swift; sourceTree = "<group>"; };
		6B6CB23821BC04F000F86A0E /* ConsoleStreamTests.swift */ = {isa = PBXFileReference; fileEncoding = 4; lastKnownFileType = sourcecode.swift; path = ConsoleStreamTests.swift; sourceTree = "<group>"; };
		6B6CB23C21BC085600F86A0E /* LocalFileStream.swift */ = {isa = PBXFileReference; lastKnownFileType = sourcecode.swift; path = LocalFileStream.swift; sourceTree = "<group>"; };
		6B6CB23E21BD365500F86A0E /* Linna+InternalPrint.swift */ = {isa = PBXFileReference; lastKnownFileType = sourcecode.swift; path = "Linna+InternalPrint.swift"; sourceTree = "<group>"; };
		6B8099E1219D8D8B005D44BC /* CustomizableLogFormatter.swift */ = {isa = PBXFileReference; lastKnownFileType = sourcecode.swift; path = CustomizableLogFormatter.swift; sourceTree = "<group>"; };
		6B8099E3219D9051005D44BC /* CustomizableLogFormatterTests.swift */ = {isa = PBXFileReference; lastKnownFileType = sourcecode.swift; path = CustomizableLogFormatterTests.swift; sourceTree = "<group>"; };
		6B865D1921B1807C00C43AAF /* FormatPatternValidator.swift */ = {isa = PBXFileReference; lastKnownFileType = sourcecode.swift; path = FormatPatternValidator.swift; sourceTree = "<group>"; };
		6B865D1F21B1837B00C43AAF /* ResultTests.swift */ = {isa = PBXFileReference; lastKnownFileType = sourcecode.swift; path = ResultTests.swift; sourceTree = "<group>"; };
		6B865D2121B18FB100C43AAF /* FormatPatternValidatorTests.swift */ = {isa = PBXFileReference; lastKnownFileType = sourcecode.swift; path = FormatPatternValidatorTests.swift; sourceTree = "<group>"; };
		6B865D2421B1B1B000C43AAF /* DefaultDateFormatter.swift */ = {isa = PBXFileReference; lastKnownFileType = sourcecode.swift; path = DefaultDateFormatter.swift; sourceTree = "<group>"; };
		6B865D2621B1B20A00C43AAF /* LinnaDateFormatter.swift */ = {isa = PBXFileReference; lastKnownFileType = sourcecode.swift; path = LinnaDateFormatter.swift; sourceTree = "<group>"; };
/* End PBXFileReference section */

/* Begin PBXFrameworksBuildPhase section */
		6B3743402199AAE1001493A1 /* Frameworks */ = {
			isa = PBXFrameworksBuildPhase;
			buildActionMask = 2147483647;
			files = (
			);
			runOnlyForDeploymentPostprocessing = 0;
		};
		6B3743492199AAE2001493A1 /* Frameworks */ = {
			isa = PBXFrameworksBuildPhase;
			buildActionMask = 2147483647;
			files = (
				6B37434D2199AAE2001493A1 /* Linna.framework in Frameworks */,
			);
			runOnlyForDeploymentPostprocessing = 0;
		};
/* End PBXFrameworksBuildPhase section */

/* Begin PBXGroup section */
		6B3743392199AAE1001493A1 = {
			isa = PBXGroup;
			children = (
				6B3743452199AAE1001493A1 /* Sources */,
				6B3743502199AAE2001493A1 /* Tests */,
				6B3743442199AAE1001493A1 /* Products */,
			);
			sourceTree = "<group>";
		};
		6B3743442199AAE1001493A1 /* Products */ = {
			isa = PBXGroup;
			children = (
				6B3743432199AAE1001493A1 /* Linna.framework */,
				6B37434C2199AAE2001493A1 /* LinnaTests.xctest */,
			);
			name = Products;
			sourceTree = "<group>";
		};
		6B3743452199AAE1001493A1 /* Sources */ = {
			isa = PBXGroup;
			children = (
				6B865D2321B1B19200C43AAF /* DateFormatter */,
				6B865D1B21B1831700C43AAF /* Enums */,
				6B6CB24221BD455300F86A0E /* Errors */,
				6B37437D219C1939001493A1 /* Formatters */,
				6B6CB24021BD37E800F86A0E /* LinnaCore */,
				6B6CB23021BC037A00F86A0E /* Streams */,
				6B374379219C0CA9001493A1 /* Structs */,
				6B3743462199AAE1001493A1 /* Linna.h */,
				6B3743472199AAE1001493A1 /* Info.plist */,
			);
			path = Sources;
			sourceTree = "<group>";
		};
		6B3743502199AAE2001493A1 /* Tests */ = {
			isa = PBXGroup;
			children = (
				6B865D1E21B1836400C43AAF /* Enums */,
				6B374384219C2592001493A1 /* Formatter */,
				6B6CB24121BD383A00F86A0E /* LinnaCore */,
				6B6CB23521BC03D400F86A0E /* Streams */,
				6B3743532199AAE2001493A1 /* Info.plist */,
			);
			path = Tests;
			sourceTree = "<group>";
		};
		6B374379219C0CA9001493A1 /* Structs */ = {
			isa = PBXGroup;
			children = (
				6B37437A219C0D1F001493A1 /* Caller.swift */,
				6B374380219C19A4001493A1 /* LogContents.swift */,
			);
			path = Structs;
			sourceTree = "<group>";
		};
		6B37437D219C1939001493A1 /* Formatters */ = {
			isa = PBXGroup;
			children = (
				6B8099E1219D8D8B005D44BC /* CustomizableLogFormatter.swift */,
				6B374382219C1E63001493A1 /* DefaultLogFormatter.swift */,
				6B865D1921B1807C00C43AAF /* FormatPatternValidator.swift */,
				6B37437E219C194F001493A1 /* LogFormatter.swift */,
			);
			path = Formatters;
			sourceTree = "<group>";
		};
		6B374384219C2592001493A1 /* Formatter */ = {
			isa = PBXGroup;
			children = (
				6B8099E3219D9051005D44BC /* CustomizableLogFormatterTests.swift */,
				6B865D2121B18FB100C43AAF /* FormatPatternValidatorTests.swift */,
				6B374385219C25B3001493A1 /* LogFormatterTests.swift */,
			);
			path = Formatter;
			sourceTree = "<group>";
		};
		6B6CB23021BC037A00F86A0E /* Streams */ = {
			isa = PBXGroup;
			children = (
				6B6CB23121BC03CB00F86A0E /* ConsoleStream.swift */,
				6B6CB23221BC03CB00F86A0E /* LinnaStream.swift */,
				6B6CB23C21BC085600F86A0E /* LocalFileStream.swift */,
			);
			path = Streams;
			sourceTree = "<group>";
		};
		6B6CB23521BC03D400F86A0E /* Streams */ = {
			isa = PBXGroup;
			children = (
				6B6CB23821BC04F000F86A0E /* ConsoleStreamTests.swift */,
			);
			path = Streams;
			sourceTree = "<group>";
		};
		6B6CB24021BD37E800F86A0E /* LinnaCore */ = {
			isa = PBXGroup;
			children = (
				6B37436D2199AE65001493A1 /* Linna.swift */,
				6B6CB23E21BD365500F86A0E /* Linna+InternalPrint.swift */,
				6B37436F2199AF2E001493A1 /* Linna+LogLevel.swift */,
				6B3743732199B2FA001493A1 /* Linna+Outputs.swift */,
				6B3743752199B36C001493A1 /* LogBuilder.swift */,
			);
			path = LinnaCore;
			sourceTree = "<group>";
		};
		6B6CB24121BD383A00F86A0E /* LinnaCore */ = {
			isa = PBXGroup;
			children = (
				6B3743512199AAE2001493A1 /* LinnaTests.swift */,
				6B3743712199B179001493A1 /* Linna+LogLevelTests.swift */,
				6B374387219C2DFF001493A1 /* Linna+OutputsTests.swift */,
				6B374377219B2767001493A1 /* LogBuilderTests.swift */,
			);
			path = LinnaCore;
			sourceTree = "<group>";
		};
		6B6CB24221BD455300F86A0E /* Errors */ = {
			isa = PBXGroup;
			children = (
			);
			path = Errors;
			sourceTree = "<group>";
		};
		6B865D1B21B1831700C43AAF /* Enums */ = {
			isa = PBXGroup;
			children = (
			);
			path = Enums;
			sourceTree = "<group>";
		};
		6B865D1E21B1836400C43AAF /* Enums */ = {
			isa = PBXGroup;
			children = (
				6B865D1F21B1837B00C43AAF /* ResultTests.swift */,
			);
			path = Enums;
			sourceTree = "<group>";
		};
		6B865D2321B1B19200C43AAF /* DateFormatter */ = {
			isa = PBXGroup;
			children = (
				6B865D2421B1B1B000C43AAF /* DefaultDateFormatter.swift */,
				6B865D2621B1B20A00C43AAF /* LinnaDateFormatter.swift */,
			);
			path = DateFormatter;
			sourceTree = "<group>";
		};
/* End PBXGroup section */

/* Begin PBXHeadersBuildPhase section */
		6B37433E2199AAE1001493A1 /* Headers */ = {
			isa = PBXHeadersBuildPhase;
			buildActionMask = 2147483647;
			files = (
				6B3743542199AAE2001493A1 /* Linna.h in Headers */,
			);
			runOnlyForDeploymentPostprocessing = 0;
		};
/* End PBXHeadersBuildPhase section */

/* Begin PBXNativeTarget section */
		6B3743422199AAE1001493A1 /* Linna */ = {
			isa = PBXNativeTarget;
			buildConfigurationList = 6B3743572199AAE2001493A1 /* Build configuration list for PBXNativeTarget "Linna" */;
			buildPhases = (
				6B37433E2199AAE1001493A1 /* Headers */,
				6B37433F2199AAE1001493A1 /* Sources */,
				6B3743402199AAE1001493A1 /* Frameworks */,
				6B3743412199AAE1001493A1 /* Resources */,
				6B37436C2199AD84001493A1 /* ShellScript */,
			);
			buildRules = (
			);
			dependencies = (
			);
			name = Linna;
			productName = Linna;
			productReference = 6B3743432199AAE1001493A1 /* Linna.framework */;
			productType = "com.apple.product-type.framework";
		};
		6B37434B2199AAE2001493A1 /* LinnaTests */ = {
			isa = PBXNativeTarget;
			buildConfigurationList = 6B37435A2199AAE2001493A1 /* Build configuration list for PBXNativeTarget "LinnaTests" */;
			buildPhases = (
				6B3743482199AAE2001493A1 /* Sources */,
				6B3743492199AAE2001493A1 /* Frameworks */,
				6B37434A2199AAE2001493A1 /* Resources */,
			);
			buildRules = (
			);
			dependencies = (
				6B37434F2199AAE2001493A1 /* PBXTargetDependency */,
			);
			name = LinnaTests;
			productName = LinnaTests;
			productReference = 6B37434C2199AAE2001493A1 /* LinnaTests.xctest */;
			productType = "com.apple.product-type.bundle.unit-test";
		};
/* End PBXNativeTarget section */

/* Begin PBXProject section */
		6B37433A2199AAE1001493A1 /* Project object */ = {
			isa = PBXProject;
			attributes = {
				LastSwiftUpdateCheck = 1010;
				LastUpgradeCheck = 1010;
				ORGANIZATIONNAME = "Suita Fujino";
				TargetAttributes = {
					6B3743422199AAE1001493A1 = {
						CreatedOnToolsVersion = 10.1;
						LastSwiftMigration = 1020;
					};
					6B37434B2199AAE2001493A1 = {
						CreatedOnToolsVersion = 10.1;
						LastSwiftMigration = 1020;
					};
				};
			};
			buildConfigurationList = 6B37433D2199AAE1001493A1 /* Build configuration list for PBXProject "Linna" */;
			compatibilityVersion = "Xcode 9.3";
			developmentRegion = en;
			hasScannedForEncodings = 0;
			knownRegions = (
				en,
			);
			mainGroup = 6B3743392199AAE1001493A1;
			productRefGroup = 6B3743442199AAE1001493A1 /* Products */;
			projectDirPath = "";
			projectRoot = "";
			targets = (
				6B3743422199AAE1001493A1 /* Linna */,
				6B37434B2199AAE2001493A1 /* LinnaTests */,
			);
		};
/* End PBXProject section */

/* Begin PBXResourcesBuildPhase section */
		6B3743412199AAE1001493A1 /* Resources */ = {
			isa = PBXResourcesBuildPhase;
			buildActionMask = 2147483647;
			files = (
			);
			runOnlyForDeploymentPostprocessing = 0;
		};
		6B37434A2199AAE2001493A1 /* Resources */ = {
			isa = PBXResourcesBuildPhase;
			buildActionMask = 2147483647;
			files = (
			);
			runOnlyForDeploymentPostprocessing = 0;
		};
/* End PBXResourcesBuildPhase section */

/* Begin PBXShellScriptBuildPhase section */
		6B37436C2199AD84001493A1 /* ShellScript */ = {
			isa = PBXShellScriptBuildPhase;
			buildActionMask = 2147483647;
			files = (
			);
			inputFileListPaths = (
			);
			inputPaths = (
			);
			outputFileListPaths = (
			);
			outputPaths = (
			);
			runOnlyForDeploymentPostprocessing = 0;
			shellPath = /bin/sh;
			shellScript = "if which swiftlint >/dev/null; then\n    swiftlint autocorrect\n    swiftlint\nelse\n    echo \"warning: SwiftLint not installed, download from https://github.com/realm/SwiftLint\"\nfi\n";
		};
/* End PBXShellScriptBuildPhase section */

/* Begin PBXSourcesBuildPhase section */
		6B37433F2199AAE1001493A1 /* Sources */ = {
			isa = PBXSourcesBuildPhase;
			buildActionMask = 2147483647;
			files = (
				6B3743762199B36C001493A1 /* LogBuilder.swift in Sources */,
				6B6CB23421BC03CB00F86A0E /* LinnaStream.swift in Sources */,
				6B37436E2199AE65001493A1 /* Linna.swift in Sources */,
				6B374381219C19A4001493A1 /* LogContents.swift in Sources */,
				6B3743742199B2FA001493A1 /* Linna+Outputs.swift in Sources */,
				6B865D2521B1B1B000C43AAF /* DefaultDateFormatter.swift in Sources */,
				6B6CB23321BC03CB00F86A0E /* ConsoleStream.swift in Sources */,
				6B6CB23D21BC085600F86A0E /* LocalFileStream.swift in Sources */,
				6B37437B219C0D1F001493A1 /* Caller.swift in Sources */,
				6B865D2721B1B20A00C43AAF /* LinnaDateFormatter.swift in Sources */,
				6B6CB23F21BD365500F86A0E /* Linna+InternalPrint.swift in Sources */,
				6B3743702199AF2E001493A1 /* Linna+LogLevel.swift in Sources */,
				6B865D1A21B1807C00C43AAF /* FormatPatternValidator.swift in Sources */,
				6B37437F219C194F001493A1 /* LogFormatter.swift in Sources */,
				6B374383219C1E63001493A1 /* DefaultLogFormatter.swift in Sources */,
				6B8099E2219D8D8C005D44BC /* CustomizableLogFormatter.swift in Sources */,
			);
			runOnlyForDeploymentPostprocessing = 0;
		};
		6B3743482199AAE2001493A1 /* Sources */ = {
			isa = PBXSourcesBuildPhase;
			buildActionMask = 2147483647;
			files = (
				6B6CB23921BC04F000F86A0E /* ConsoleStreamTests.swift in Sources */,
				6B374388219C2DFF001493A1 /* Linna+OutputsTests.swift in Sources */,
				6B3743522199AAE2001493A1 /* LinnaTests.swift in Sources */,
				6B3743722199B179001493A1 /* Linna+LogLevelTests.swift in Sources */,
				6B8099E4219D9051005D44BC /* CustomizableLogFormatterTests.swift in Sources */,
				6B865D2221B18FB100C43AAF /* FormatPatternValidatorTests.swift in Sources */,
				6B374378219B2767001493A1 /* LogBuilderTests.swift in Sources */,
				6B374386219C25B3001493A1 /* LogFormatterTests.swift in Sources */,
				6B865D2021B1837B00C43AAF /* ResultTests.swift in Sources */,
			);
			runOnlyForDeploymentPostprocessing = 0;
		};
/* End PBXSourcesBuildPhase section */

/* Begin PBXTargetDependency section */
		6B37434F2199AAE2001493A1 /* PBXTargetDependency */ = {
			isa = PBXTargetDependency;
			target = 6B3743422199AAE1001493A1 /* Linna */;
			targetProxy = 6B37434E2199AAE2001493A1 /* PBXContainerItemProxy */;
		};
/* End PBXTargetDependency section */

/* Begin XCBuildConfiguration section */
		6B3743552199AAE2001493A1 /* Debug */ = {
			isa = XCBuildConfiguration;
			buildSettings = {
				ALWAYS_SEARCH_USER_PATHS = NO;
				CLANG_ANALYZER_NONNULL = YES;
				CLANG_ANALYZER_NUMBER_OBJECT_CONVERSION = YES_AGGRESSIVE;
				CLANG_CXX_LANGUAGE_STANDARD = "gnu++14";
				CLANG_CXX_LIBRARY = "libc++";
				CLANG_ENABLE_MODULES = YES;
				CLANG_ENABLE_OBJC_ARC = YES;
				CLANG_ENABLE_OBJC_WEAK = YES;
				CLANG_WARN_BLOCK_CAPTURE_AUTORELEASING = YES;
				CLANG_WARN_BOOL_CONVERSION = YES;
				CLANG_WARN_COMMA = YES;
				CLANG_WARN_CONSTANT_CONVERSION = YES;
				CLANG_WARN_DEPRECATED_OBJC_IMPLEMENTATIONS = YES;
				CLANG_WARN_DIRECT_OBJC_ISA_USAGE = YES_ERROR;
				CLANG_WARN_DOCUMENTATION_COMMENTS = YES;
				CLANG_WARN_EMPTY_BODY = YES;
				CLANG_WARN_ENUM_CONVERSION = YES;
				CLANG_WARN_INFINITE_RECURSION = YES;
				CLANG_WARN_INT_CONVERSION = YES;
				CLANG_WARN_NON_LITERAL_NULL_CONVERSION = YES;
				CLANG_WARN_OBJC_IMPLICIT_RETAIN_SELF = YES;
				CLANG_WARN_OBJC_LITERAL_CONVERSION = YES;
				CLANG_WARN_OBJC_ROOT_CLASS = YES_ERROR;
				CLANG_WARN_RANGE_LOOP_ANALYSIS = YES;
				CLANG_WARN_STRICT_PROTOTYPES = YES;
				CLANG_WARN_SUSPICIOUS_MOVE = YES;
				CLANG_WARN_UNGUARDED_AVAILABILITY = YES_AGGRESSIVE;
				CLANG_WARN_UNREACHABLE_CODE = YES;
				CLANG_WARN__DUPLICATE_METHOD_MATCH = YES;
				CODE_SIGN_IDENTITY = "iPhone Developer";
				COPY_PHASE_STRIP = NO;
				CURRENT_PROJECT_VERSION = 1;
				DEBUG_INFORMATION_FORMAT = dwarf;
				ENABLE_STRICT_OBJC_MSGSEND = YES;
				ENABLE_TESTABILITY = YES;
				GCC_C_LANGUAGE_STANDARD = gnu11;
				GCC_DYNAMIC_NO_PIC = NO;
				GCC_NO_COMMON_BLOCKS = YES;
				GCC_OPTIMIZATION_LEVEL = 0;
				GCC_PREPROCESSOR_DEFINITIONS = (
					"DEBUG=1",
					"$(inherited)",
				);
				GCC_WARN_64_TO_32_BIT_CONVERSION = YES;
				GCC_WARN_ABOUT_RETURN_TYPE = YES_ERROR;
				GCC_WARN_UNDECLARED_SELECTOR = YES;
				GCC_WARN_UNINITIALIZED_AUTOS = YES_AGGRESSIVE;
				GCC_WARN_UNUSED_FUNCTION = YES;
				GCC_WARN_UNUSED_VARIABLE = YES;
				IPHONEOS_DEPLOYMENT_TARGET = 9.0;
				MTL_ENABLE_DEBUG_INFO = INCLUDE_SOURCE;
				MTL_FAST_MATH = YES;
				ONLY_ACTIVE_ARCH = YES;
				SDKROOT = iphoneos;
				SWIFT_ACTIVE_COMPILATION_CONDITIONS = DEBUG;
				SWIFT_OPTIMIZATION_LEVEL = "-Onone";
				SWIFT_VERSION = 5.0;
				VERSIONING_SYSTEM = "apple-generic";
				VERSION_INFO_PREFIX = "";
			};
			name = Debug;
		};
		6B3743562199AAE2001493A1 /* Release */ = {
			isa = XCBuildConfiguration;
			buildSettings = {
				ALWAYS_SEARCH_USER_PATHS = NO;
				CLANG_ANALYZER_NONNULL = YES;
				CLANG_ANALYZER_NUMBER_OBJECT_CONVERSION = YES_AGGRESSIVE;
				CLANG_CXX_LANGUAGE_STANDARD = "gnu++14";
				CLANG_CXX_LIBRARY = "libc++";
				CLANG_ENABLE_MODULES = YES;
				CLANG_ENABLE_OBJC_ARC = YES;
				CLANG_ENABLE_OBJC_WEAK = YES;
				CLANG_WARN_BLOCK_CAPTURE_AUTORELEASING = YES;
				CLANG_WARN_BOOL_CONVERSION = YES;
				CLANG_WARN_COMMA = YES;
				CLANG_WARN_CONSTANT_CONVERSION = YES;
				CLANG_WARN_DEPRECATED_OBJC_IMPLEMENTATIONS = YES;
				CLANG_WARN_DIRECT_OBJC_ISA_USAGE = YES_ERROR;
				CLANG_WARN_DOCUMENTATION_COMMENTS = YES;
				CLANG_WARN_EMPTY_BODY = YES;
				CLANG_WARN_ENUM_CONVERSION = YES;
				CLANG_WARN_INFINITE_RECURSION = YES;
				CLANG_WARN_INT_CONVERSION = YES;
				CLANG_WARN_NON_LITERAL_NULL_CONVERSION = YES;
				CLANG_WARN_OBJC_IMPLICIT_RETAIN_SELF = YES;
				CLANG_WARN_OBJC_LITERAL_CONVERSION = YES;
				CLANG_WARN_OBJC_ROOT_CLASS = YES_ERROR;
				CLANG_WARN_RANGE_LOOP_ANALYSIS = YES;
				CLANG_WARN_STRICT_PROTOTYPES = YES;
				CLANG_WARN_SUSPICIOUS_MOVE = YES;
				CLANG_WARN_UNGUARDED_AVAILABILITY = YES_AGGRESSIVE;
				CLANG_WARN_UNREACHABLE_CODE = YES;
				CLANG_WARN__DUPLICATE_METHOD_MATCH = YES;
				CODE_SIGN_IDENTITY = "iPhone Developer";
				COPY_PHASE_STRIP = NO;
				CURRENT_PROJECT_VERSION = 1;
				DEBUG_INFORMATION_FORMAT = "dwarf-with-dsym";
				ENABLE_NS_ASSERTIONS = NO;
				ENABLE_STRICT_OBJC_MSGSEND = YES;
				GCC_C_LANGUAGE_STANDARD = gnu11;
				GCC_NO_COMMON_BLOCKS = YES;
				GCC_WARN_64_TO_32_BIT_CONVERSION = YES;
				GCC_WARN_ABOUT_RETURN_TYPE = YES_ERROR;
				GCC_WARN_UNDECLARED_SELECTOR = YES;
				GCC_WARN_UNINITIALIZED_AUTOS = YES_AGGRESSIVE;
				GCC_WARN_UNUSED_FUNCTION = YES;
				GCC_WARN_UNUSED_VARIABLE = YES;
				IPHONEOS_DEPLOYMENT_TARGET = 9.0;
				MTL_ENABLE_DEBUG_INFO = NO;
				MTL_FAST_MATH = YES;
				SDKROOT = iphoneos;
				SWIFT_COMPILATION_MODE = wholemodule;
				SWIFT_OPTIMIZATION_LEVEL = "-O";
				SWIFT_VERSION = 5.0;
				VALIDATE_PRODUCT = YES;
				VERSIONING_SYSTEM = "apple-generic";
				VERSION_INFO_PREFIX = "";
			};
			name = Release;
		};
		6B3743582199AAE2001493A1 /* Debug */ = {
			isa = XCBuildConfiguration;
			buildSettings = {
				CLANG_ENABLE_MODULES = YES;
				CODE_SIGN_IDENTITY = "";
				CODE_SIGN_STYLE = Automatic;
				DEFINES_MODULE = YES;
				DEVELOPMENT_TEAM = TE5VXS8N2M;
				DYLIB_COMPATIBILITY_VERSION = 1;
				DYLIB_CURRENT_VERSION = 1;
				DYLIB_INSTALL_NAME_BASE = "@rpath";
				INFOPLIST_FILE = "$(SRCROOT)/Sources/Info.plist";
				INSTALL_PATH = "$(LOCAL_LIBRARY_DIR)/Frameworks";
				IPHONEOS_DEPLOYMENT_TARGET = 9.0;
				LD_RUNPATH_SEARCH_PATHS = (
					"$(inherited)",
					"@executable_path/Frameworks",
					"@loader_path/Frameworks",
				);
				PRODUCT_BUNDLE_IDENTIFIER = com.flyingalpaca.Linna;
				PRODUCT_NAME = "$(TARGET_NAME:c99extidentifier)";
				SKIP_INSTALL = YES;
				SWIFT_OPTIMIZATION_LEVEL = "-Onone";
				SWIFT_VERSION = 5.0;
				TARGETED_DEVICE_FAMILY = "1,2";
			};
			name = Debug;
		};
		6B3743592199AAE2001493A1 /* Release */ = {
			isa = XCBuildConfiguration;
			buildSettings = {
				CLANG_ENABLE_MODULES = YES;
				CODE_SIGN_IDENTITY = "";
				CODE_SIGN_STYLE = Automatic;
				DEFINES_MODULE = YES;
				DEVELOPMENT_TEAM = TE5VXS8N2M;
				DYLIB_COMPATIBILITY_VERSION = 1;
				DYLIB_CURRENT_VERSION = 1;
				DYLIB_INSTALL_NAME_BASE = "@rpath";
				INFOPLIST_FILE = "$(SRCROOT)/Sources/Info.plist";
				INSTALL_PATH = "$(LOCAL_LIBRARY_DIR)/Frameworks";
				IPHONEOS_DEPLOYMENT_TARGET = 9.0;
				LD_RUNPATH_SEARCH_PATHS = (
					"$(inherited)",
					"@executable_path/Frameworks",
					"@loader_path/Frameworks",
				);
				PRODUCT_BUNDLE_IDENTIFIER = com.flyingalpaca.Linna;
				PRODUCT_NAME = "$(TARGET_NAME:c99extidentifier)";
				SKIP_INSTALL = YES;
				SWIFT_VERSION = 5.0;
				TARGETED_DEVICE_FAMILY = "1,2";
			};
			name = Release;
		};
		6B37435B2199AAE2001493A1 /* Debug */ = {
			isa = XCBuildConfiguration;
			buildSettings = {
				ALWAYS_EMBED_SWIFT_STANDARD_LIBRARIES = YES;
				CODE_SIGN_STYLE = Automatic;
				DEVELOPMENT_TEAM = TE5VXS8N2M;
				INFOPLIST_FILE = Tests/Info.plist;
				LD_RUNPATH_SEARCH_PATHS = (
					"$(inherited)",
					"@executable_path/Frameworks",
					"@loader_path/Frameworks",
				);
				PRODUCT_BUNDLE_IDENTIFIER = com.flyingalpaca.LinnaTests;
				PRODUCT_NAME = "$(TARGET_NAME)";
				SWIFT_VERSION = 5.0;
				TARGETED_DEVICE_FAMILY = "1,2";
			};
			name = Debug;
		};
		6B37435C2199AAE2001493A1 /* Release */ = {
			isa = XCBuildConfiguration;
			buildSettings = {
				ALWAYS_EMBED_SWIFT_STANDARD_LIBRARIES = YES;
				CODE_SIGN_STYLE = Automatic;
				DEVELOPMENT_TEAM = TE5VXS8N2M;
				INFOPLIST_FILE = Tests/Info.plist;
				LD_RUNPATH_SEARCH_PATHS = (
					"$(inherited)",
					"@executable_path/Frameworks",
					"@loader_path/Frameworks",
				);
				PRODUCT_BUNDLE_IDENTIFIER = com.flyingalpaca.LinnaTests;
				PRODUCT_NAME = "$(TARGET_NAME)";
				SWIFT_VERSION = 5.0;
				TARGETED_DEVICE_FAMILY = "1,2";
			};
			name = Release;
		};
/* End XCBuildConfiguration section */

/* Begin XCConfigurationList section */
		6B37433D2199AAE1001493A1 /* Build configuration list for PBXProject "Linna" */ = {
			isa = XCConfigurationList;
			buildConfigurations = (
				6B3743552199AAE2001493A1 /* Debug */,
				6B3743562199AAE2001493A1 /* Release */,
			);
			defaultConfigurationIsVisible = 0;
			defaultConfigurationName = Release;
		};
		6B3743572199AAE2001493A1 /* Build configuration list for PBXNativeTarget "Linna" */ = {
			isa = XCConfigurationList;
			buildConfigurations = (
				6B3743582199AAE2001493A1 /* Debug */,
				6B3743592199AAE2001493A1 /* Release */,
			);
			defaultConfigurationIsVisible = 0;
			defaultConfigurationName = Release;
		};
		6B37435A2199AAE2001493A1 /* Build configuration list for PBXNativeTarget "LinnaTests" */ = {
			isa = XCConfigurationList;
			buildConfigurations = (
				6B37435B2199AAE2001493A1 /* Debug */,
				6B37435C2199AAE2001493A1 /* Release */,
			);
			defaultConfigurationIsVisible = 0;
			defaultConfigurationName = Release;
		};
/* End XCConfigurationList section */
	};
	rootObject = 6B37433A2199AAE1001493A1 /* Project object */;
}
